
Microsoft Visual Studio Solution File, Format Version 12.00
# Visual Studio 14
VisualStudioVersion = 14.0.23107.0
MinimumVisualStudioVersion = 10.0.40219.1
Project("{FAE04EC0-301F-11D3-BF4B-00C04F79EFBC}") = "Publisher", "Publisher\Publisher.csproj", "{5D3F56E1-A104-443A-AFD0-BA3CAE8667B7}"
EndProject
Project("{FAE04EC0-301F-11D3-BF4B-00C04F79EFBC}") = "Subscriber", "Subscriber\Subscriber.csproj", "{C377212B-F859-49AA-9DEC-FDEF4696790E}"
EndProject
Project("{FAE04EC0-301F-11D3-BF4B-00C04F79EFBC}") = "PuppetMaster", "PuppetMaster\PuppetMaster.csproj", "{20511DF5-B2D2-43A2-B15A-95230B46F3AE}"
EndProject
Project("{FAE04EC0-301F-11D3-BF4B-00C04F79EFBC}") = "Broker", "Broker\Broker.csproj", "{F86B852B-C262-499A-8CB7-FE45EBDF0CD3}"
EndProject
Project("{FAE04EC0-301F-11D3-BF4B-00C04F79EFBC}") = "SESDADInterfaces", "Interfaces\SESDADInterfaces.csproj", "{0AF1CC4C-9E16-45B6-A2F3-426769C1585F}"
EndProject
Global
	GlobalSection(SolutionConfigurationPlatforms) = preSolution
		Debug|Any CPU = Debug|Any CPU
		Release|Any CPU = Release|Any CPU
	EndGlobalSection
	GlobalSection(ProjectConfigurationPlatforms) = postSolution
		{5D3F56E1-A104-443A-AFD0-BA3CAE8667B7}.Debug|Any CPU.ActiveCfg = Debug|Any CPU
		{5D3F56E1-A104-443A-AFD0-BA3CAE8667B7}.Debug|Any CPU.Build.0 = Debug|Any CPU
		{5D3F56E1-A104-443A-AFD0-BA3CAE8667B7}.Release|Any CPU.ActiveCfg = Release|Any CPU
		{5D3F56E1-A104-443A-AFD0-BA3CAE8667B7}.Release|Any CPU.Build.0 = Release|Any CPU
		{C377212B-F859-49AA-9DEC-FDEF4696790E}.Debug|Any CPU.ActiveCfg = Debug|Any CPU
		{C377212B-F859-49AA-9DEC-FDEF4696790E}.Debug|Any CPU.Build.0 = Debug|Any CPU
		{C377212B-F859-49AA-9DEC-FDEF4696790E}.Release|Any CPU.ActiveCfg = Release|Any CPU
		{C377212B-F859-49AA-9DEC-FDEF4696790E}.Release|Any CPU.Build.0 = Release|Any CPU
		{20511DF5-B2D2-43A2-B15A-95230B46F3AE}.Debug|Any CPU.ActiveCfg = Debug|Any CPU
		{20511DF5-B2D2-43A2-B15A-95230B46F3AE}.Debug|Any CPU.Build.0 = Debug|Any CPU
		{20511DF5-B2D2-43A2-B15A-95230B46F3AE}.Release|Any CPU.ActiveCfg = Release|Any CPU
		{20511DF5-B2D2-43A2-B15A-95230B46F3AE}.Release|Any CPU.Build.0 = Release|Any CPU
		{F86B852B-C262-499A-8CB7-FE45EBDF0CD3}.Debug|Any CPU.ActiveCfg = Debug|Any CPU
		{F86B852B-C262-499A-8CB7-FE45EBDF0CD3}.Debug|Any CPU.Build.0 = Debug|Any CPU
		{F86B852B-C262-499A-8CB7-FE45EBDF0CD3}.Release|Any CPU.ActiveCfg = Release|Any CPU
		{F86B852B-C262-499A-8CB7-FE45EBDF0CD3}.Release|Any CPU.Build.0 = Release|Any CPU
		{0AF1CC4C-9E16-45B6-A2F3-426769C1585F}.Debug|Any CPU.ActiveCfg = Debug|Any CPU
		{0AF1CC4C-9E16-45B6-A2F3-426769C1585F}.Debug|Any CPU.Build.0 = Debug|Any CPU
		{0AF1CC4C-9E16-45B6-A2F3-426769C1585F}.Release|Any CPU.ActiveCfg = Release|Any CPU
		{0AF1CC4C-9E16-45B6-A2F3-426769C1585F}.Release|Any CPU.Build.0 = Release|Any CPU
	EndGlobalSection
	GlobalSection(SolutionProperties) = preSolution
		HideSolutionNode = FALSE
	EndGlobalSection
EndGlobal
