
Microsoft Visual Studio Solution File, Format Version 12.00
# Visual Studio 14
VisualStudioVersion = 14.0.23107.0
MinimumVisualStudioVersion = 10.0.40219.1
Project("{FAE04EC0-301F-11D3-BF4B-00C04F79EFBC}") = "Subscriber", "Subscriber\Subscriber.csproj", "{AEC6CAFC-00D1-414A-B44A-4120179EBCA9}"
EndProject
Project("{FAE04EC0-301F-11D3-BF4B-00C04F79EFBC}") = "Publisher", "Publisher\Publisher.csproj", "{5733C8B4-D53B-4272-B4AE-AF34FD83BC85}"
EndProject
Project("{FAE04EC0-301F-11D3-BF4B-00C04F79EFBC}") = "SESDADInterfaces", "Interfaces\SESDADInterfaces.csproj", "{0F79110F-4188-4164-9F87-D564CAE295C8}"
EndProject
Project("{FAE04EC0-301F-11D3-BF4B-00C04F79EFBC}") = "PuppetMaster", "PuppetMaster\PuppetMaster.csproj", "{1F8C8203-8F49-41FC-9658-55310F5D4667}"
EndProject
Project("{FAE04EC0-301F-11D3-BF4B-00C04F79EFBC}") = "Broker", "Broker\Broker.csproj", "{4AC134B1-234F-4063-8A1A-56893AD3AFAC}"
EndProject
Global
	GlobalSection(SolutionConfigurationPlatforms) = preSolution
		Debug|Any CPU = Debug|Any CPU
		Release|Any CPU = Release|Any CPU
	EndGlobalSection
	GlobalSection(ProjectConfigurationPlatforms) = postSolution
		{AEC6CAFC-00D1-414A-B44A-4120179EBCA9}.Debug|Any CPU.ActiveCfg = Debug|Any CPU
		{AEC6CAFC-00D1-414A-B44A-4120179EBCA9}.Debug|Any CPU.Build.0 = Debug|Any CPU
		{AEC6CAFC-00D1-414A-B44A-4120179EBCA9}.Release|Any CPU.ActiveCfg = Release|Any CPU
		{AEC6CAFC-00D1-414A-B44A-4120179EBCA9}.Release|Any CPU.Build.0 = Release|Any CPU
		{5733C8B4-D53B-4272-B4AE-AF34FD83BC85}.Debug|Any CPU.ActiveCfg = Debug|Any CPU
		{5733C8B4-D53B-4272-B4AE-AF34FD83BC85}.Debug|Any CPU.Build.0 = Debug|Any CPU
		{5733C8B4-D53B-4272-B4AE-AF34FD83BC85}.Release|Any CPU.ActiveCfg = Release|Any CPU
		{5733C8B4-D53B-4272-B4AE-AF34FD83BC85}.Release|Any CPU.Build.0 = Release|Any CPU
		{0F79110F-4188-4164-9F87-D564CAE295C8}.Debug|Any CPU.ActiveCfg = Debug|Any CPU
		{0F79110F-4188-4164-9F87-D564CAE295C8}.Debug|Any CPU.Build.0 = Debug|Any CPU
		{0F79110F-4188-4164-9F87-D564CAE295C8}.Release|Any CPU.ActiveCfg = Release|Any CPU
		{0F79110F-4188-4164-9F87-D564CAE295C8}.Release|Any CPU.Build.0 = Release|Any CPU
		{1F8C8203-8F49-41FC-9658-55310F5D4667}.Debug|Any CPU.ActiveCfg = Debug|Any CPU
		{1F8C8203-8F49-41FC-9658-55310F5D4667}.Debug|Any CPU.Build.0 = Debug|Any CPU
		{1F8C8203-8F49-41FC-9658-55310F5D4667}.Release|Any CPU.ActiveCfg = Release|Any CPU
		{1F8C8203-8F49-41FC-9658-55310F5D4667}.Release|Any CPU.Build.0 = Release|Any CPU
		{4AC134B1-234F-4063-8A1A-56893AD3AFAC}.Debug|Any CPU.ActiveCfg = Debug|Any CPU
		{4AC134B1-234F-4063-8A1A-56893AD3AFAC}.Debug|Any CPU.Build.0 = Debug|Any CPU
		{4AC134B1-234F-4063-8A1A-56893AD3AFAC}.Release|Any CPU.ActiveCfg = Release|Any CPU
		{4AC134B1-234F-4063-8A1A-56893AD3AFAC}.Release|Any CPU.Build.0 = Release|Any CPU
	EndGlobalSection
	GlobalSection(SolutionProperties) = preSolution
		HideSolutionNode = FALSE
	EndGlobalSection
EndGlobal
